{
    "_readme": [
        "This file locks the dependencies of your project to a known state",
        "Read more about it at https://getcomposer.org/doc/01-basic-usage.md#installing-dependencies",
        "This file is @generated automatically"
    ],
    "content-hash": "ee33b08aa4be9686c46bf993149824c1",
    "packages": [
        {
            "name": "google/protobuf",
            "version": "v3.19.2",
            "source": {
                "type": "git",
                "url": "https://github.com/protocolbuffers/protobuf-php.git",
                "reference": "41bbcce0910b74167789b65ab7dea349f0589a93"
            },
            "dist": {
                "type": "zip",
                "url": "https://api.github.com/repos/protocolbuffers/protobuf-php/zipball/41bbcce0910b74167789b65ab7dea349f0589a93",
                "reference": "41bbcce0910b74167789b65ab7dea349f0589a93",
                "shasum": "",
                "mirrors": [
                    {
                        "url": "https://mirrors.aliyun.com/composer/dists/%package%/%reference%.%type%",
                        "preferred": true
                    }
                ]
            },
            "require": {
                "php": ">=5.5.0"
            },
            "require-dev": {
                "phpunit/phpunit": ">=4.8.0"
            },
            "suggest": {
                "ext-bcmath": "Need to support JSON deserialization"
            },
            "type": "library",
            "autoload": {
                "psr-4": {
                    "Google\\Protobuf\\": "src/Google/Protobuf",
                    "GPBMetadata\\Google\\Protobuf\\": "src/GPBMetadata/Google/Protobuf"
                }
            },
            "notification-url": "https://packagist.org/downloads/",
            "license": [
                "BSD-3-Clause"
            ],
            "description": "proto library for PHP",
            "homepage": "https://developers.google.com/protocol-buffers/",
            "keywords": [
                "proto"
            ],
            "support": {
                "issues": "https://github.com/protocolbuffers/protobuf-php/issues",
                "source": "https://github.com/protocolbuffers/protobuf-php/tree/v3.19.2"
            },
            "time": "2022-01-05T23:39:47+00:00"
        },
        {
            "name": "grpc/grpc",
            "version": "1.42.0",
            "source": {
                "type": "git",
                "url": "https://github.com/grpc/grpc-php.git",
                "reference": "9fa44f104cb92e924d4da547323a97f3d8aca6d4"
            },
            "dist": {
                "type": "zip",
                "url": "https://api.github.com/repos/grpc/grpc-php/zipball/9fa44f104cb92e924d4da547323a97f3d8aca6d4",
                "reference": "9fa44f104cb92e924d4da547323a97f3d8aca6d4",
                "shasum": "",
                "mirrors": [
                    {
                        "url": "https://mirrors.aliyun.com/composer/dists/%package%/%reference%.%type%",
                        "preferred": true
                    }
                ]
            },
            "require": {
                "php": ">=7.0.0"
            },
            "require-dev": {
                "google/auth": "^v1.3.0"
            },
            "suggest": {
                "ext-protobuf": "For better performance, install the protobuf C extension.",
                "google/protobuf": "To get started using grpc quickly, install the native protobuf library."
            },
            "type": "library",
            "autoload": {
                "psr-4": {
                    "Grpc\\": "src/lib/"
                }
            },
            "notification-url": "https://packagist.org/downloads/",
            "license": [
                "Apache-2.0"
            ],
            "description": "gRPC library for PHP",
            "homepage": "https://grpc.io",
            "keywords": [
                "rpc"
            ],
            "support": {
                "source": "https://github.com/grpc/grpc-php/tree/v1.42.0"
            },
            "time": "2021-11-19T08:13:51+00:00"
        },
        {
            "name": "hetao29/php-grpc-server-protobuf",
            "version": "dev-main",
            "source": {
                "type": "git",
                "url": "https://github.com/hetao29/php-grpc-server-protobuf.git",
                "reference": "3b2a762fb6e83f4d8524d19b14378004aae61309"
            },
            "dist": {
                "type": "zip",
                "url": "https://api.github.com/repos/hetao29/php-grpc-server-protobuf/zipball/3b2a762fb6e83f4d8524d19b14378004aae61309",
                "reference": "3b2a762fb6e83f4d8524d19b14378004aae61309",
                "shasum": "",
                "mirrors": [
                    {
                        "url": "https://mirrors.aliyun.com/composer/dists/%package%/%reference%.%type%",
                        "preferred": true
                    }
                ]
            },
            "require": {
                "ext-grpc": "*",
                "ext-swoole": "*",
                "google/protobuf": "^3.7",
                "grpc/grpc": "^1.10.0"
            },
            "default-branch": true,
            "type": "library",
            "autoload": {
                "files": [
                    "GRpcServer.php"
                ]
            },
            "notification-url": "https://packagist.org/downloads/",
            "license": [
                "MIT"
            ],
            "authors": [
                {
                    "name": "hetao",
                    "email": "hetao@hetao.name",
                    "homepage": "https://github.com/hetao29"
                }
            ],
            "description": "The php grpc server framework with protobuf and DO NOT use any 3rd libraries.",
            "homepage": "https://github.com/hetao29/php-grpc-server-protobuf",
            "keywords": [
                "gRPC",
                "nginx",
                "php",
                "php-fpm",
                "protobuf",
                "server"
            ],
            "support": {
                "issues": "https://github.com/hetao29/php-grpc-server-protobuf/issues",
                "source": "https://github.com/hetao29/php-grpc-server-protobuf/tree/main"
            },
            "time": "2022-01-09T14:42:19+00:00"
        }
    ],
    "packages-dev": [],
    "aliases": [],
    "minimum-stability": "stable",
    "stability-flags": {
        "hetao29/php-grpc-server-protobuf": 20
    },
    "prefer-stable": false,
    "prefer-lowest": false,
    "platform": {
        "ext-swoole": "*"
    },
    "platform-dev": [],
    "plugin-api-version": "2.2.0"
}
